
Microsoft Visual Studio Solution File, Format Version 12.00
# Visual Studio Version 17
VisualStudioVersion = 17.1.32328.378
MinimumVisualStudioVersion = 10.0.40219.1
Project("{9A19103F-16F7-4668-BE54-9A1E7A4F7556}") = "Task50Pages", "Google\Task50Pages.csproj", "{D544922C-38B9-4497-91EB-9786EF62F174}"
EndProject
Project("{FAE04EC0-301F-11D3-BF4B-00C04F79EFBC}") = "Tests", "Tests\Tests.csproj", "{0B1F1845-0AA9-470A-9A06-F672E9F2B94C}"
EndProject
Global
	GlobalSection(SolutionConfigurationPlatforms) = preSolution
		Debug|Any CPU = Debug|Any CPU
		Release|Any CPU = Release|Any CPU
	EndGlobalSection
	GlobalSection(ProjectConfigurationPlatforms) = postSolution
		{D544922C-38B9-4497-91EB-9786EF62F174}.Debug|Any CPU.ActiveCfg = Debug|Any CPU
		{D544922C-38B9-4497-91EB-9786EF62F174}.Debug|Any CPU.Build.0 = Debug|Any CPU
		{D544922C-38B9-4497-91EB-9786EF62F174}.Release|Any CPU.ActiveCfg = Release|Any CPU
		{D544922C-38B9-4497-91EB-9786EF62F174}.Release|Any CPU.Build.0 = Release|Any CPU
		{0B1F1845-0AA9-470A-9A06-F672E9F2B94C}.Debug|Any CPU.ActiveCfg = Debug|Any CPU
		{0B1F1845-0AA9-470A-9A06-F672E9F2B94C}.Debug|Any CPU.Build.0 = Debug|Any CPU
		{0B1F1845-0AA9-470A-9A06-F672E9F2B94C}.Release|Any CPU.ActiveCfg = Release|Any CPU
		{0B1F1845-0AA9-470A-9A06-F672E9F2B94C}.Release|Any CPU.Build.0 = Release|Any CPU
	EndGlobalSection
	GlobalSection(SolutionProperties) = preSolution
		HideSolutionNode = FALSE
	EndGlobalSection
	GlobalSection(ExtensibilityGlobals) = postSolution
		SolutionGuid = {7F9BA4C7-52FD-4FAD-8FF6-1260D97C400F}
	EndGlobalSection
EndGlobal
