
Microsoft Visual Studio Solution File, Format Version 12.00
# Visual Studio Version 17
VisualStudioVersion = 17.1.32328.378
MinimumVisualStudioVersion = 10.0.40219.1
Project("{FAE04EC0-301F-11D3-BF4B-00C04F79EFBC}") = "Google", "Google\Google.csproj", "{9C89587B-8AE6-43DF-BC8E-1A3723BBB3A9}"
EndProject
Project("{FAE04EC0-301F-11D3-BF4B-00C04F79EFBC}") = "TestGoogle", "TestGoogle\TestGoogle.csproj", "{BE83DAC7-5A4C-4761-BAD3-E0CB03662C4F}"
EndProject
Global
	GlobalSection(SolutionConfigurationPlatforms) = preSolution
		Debug|Any CPU = Debug|Any CPU
		Release|Any CPU = Release|Any CPU
	EndGlobalSection
	GlobalSection(ProjectConfigurationPlatforms) = postSolution
		{9C89587B-8AE6-43DF-BC8E-1A3723BBB3A9}.Debug|Any CPU.ActiveCfg = Debug|Any CPU
		{9C89587B-8AE6-43DF-BC8E-1A3723BBB3A9}.Debug|Any CPU.Build.0 = Debug|Any CPU
		{9C89587B-8AE6-43DF-BC8E-1A3723BBB3A9}.Release|Any CPU.ActiveCfg = Release|Any CPU
		{9C89587B-8AE6-43DF-BC8E-1A3723BBB3A9}.Release|Any CPU.Build.0 = Release|Any CPU
		{BE83DAC7-5A4C-4761-BAD3-E0CB03662C4F}.Debug|Any CPU.ActiveCfg = Debug|Any CPU
		{BE83DAC7-5A4C-4761-BAD3-E0CB03662C4F}.Debug|Any CPU.Build.0 = Debug|Any CPU
		{BE83DAC7-5A4C-4761-BAD3-E0CB03662C4F}.Release|Any CPU.ActiveCfg = Release|Any CPU
		{BE83DAC7-5A4C-4761-BAD3-E0CB03662C4F}.Release|Any CPU.Build.0 = Release|Any CPU
	EndGlobalSection
	GlobalSection(SolutionProperties) = preSolution
		HideSolutionNode = FALSE
	EndGlobalSection
	GlobalSection(ExtensibilityGlobals) = postSolution
		SolutionGuid = {ECD2870E-0C33-41CC-B845-D833DB1B2478}
	EndGlobalSection
EndGlobal
